
Microsoft Visual Studio Solution File, Format Version 12.00
# Visual Studio 2017
Project("{FAE04EC0-301F-11D3-BF4B-00C04F79EFBC}") = "TheTribe", "TheTribe.csproj", "{1A5F5F68-06CD-F282-8037-79123DDB2A04}"
EndProject
Project("{FAE04EC0-301F-11D3-BF4B-00C04F79EFBC}") = "TheTribe.Editor", "TheTribe.Editor.csproj", "{B11805AA-9C4B-ED20-16A8-7DA00AFA1866}"
EndProject
Global
	GlobalSection(SolutionConfigurationPlatforms) = preSolution
		Debug|Any CPU = Debug|Any CPU
		Release|Any CPU = Release|Any CPU
	EndGlobalSection
	GlobalSection(ProjectConfigurationPlatforms) = postSolution
		{1A5F5F68-06CD-F282-8037-79123DDB2A04}.Debug|Any CPU.ActiveCfg = Debug|Any CPU
		{1A5F5F68-06CD-F282-8037-79123DDB2A04}.Debug|Any CPU.Build.0 = Debug|Any CPU
		{1A5F5F68-06CD-F282-8037-79123DDB2A04}.Release|Any CPU.ActiveCfg = Release|Any CPU
		{1A5F5F68-06CD-F282-8037-79123DDB2A04}.Release|Any CPU.Build.0 = Release|Any CPU
		{B11805AA-9C4B-ED20-16A8-7DA00AFA1866}.Debug|Any CPU.ActiveCfg = Debug|Any CPU
		{B11805AA-9C4B-ED20-16A8-7DA00AFA1866}.Debug|Any CPU.Build.0 = Debug|Any CPU
		{B11805AA-9C4B-ED20-16A8-7DA00AFA1866}.Release|Any CPU.ActiveCfg = Release|Any CPU
		{B11805AA-9C4B-ED20-16A8-7DA00AFA1866}.Release|Any CPU.Build.0 = Release|Any CPU
	EndGlobalSection
	GlobalSection(SolutionProperties) = preSolution
		HideSolutionNode = FALSE
	EndGlobalSection
EndGlobal
